
Microsoft Visual Studio Solution File, Format Version 12.00
# Visual Studio 15
VisualStudioVersion = 15.0.28307.168
MinimumVisualStudioVersion = 10.0.40219.1
Project("{FAE04EC0-301F-11D3-BF4B-00C04F79EFBC}") = "Sitecore.Commerce.Sitemap", "Sitecore.Commerce.Sitemap\Sitecore.Commerce.Sitemap.csproj", "{5CC1F605-17A7-4B84-A705-4A8D3FB8F181}"
EndProject
Project("{CAA73BB0-EF22-4D79-A57E-DF67B3BA9C80}") = "Sitecore.Commerce.Sitemap.Master", "Sitecore.Commerce.Sitemap.Master\Sitecore.Commerce.Sitemap.Master.scproj", "{00594DC0-2EB4-4F58-B372-35F7452CDBC4}"
EndProject
Project("{2150E333-8FDC-42A3-9474-1A3956D46DE8}") = "Configuration", "Configuration", "{55CC39A1-89C1-4AC0-9365-E23F92790205}"
	ProjectSection(SolutionItems) = preProject
		TdsGlobal.config = TdsGlobal.config
	EndProjectSection
EndProject
Global
	GlobalSection(SolutionConfigurationPlatforms) = preSolution
		Debug|Any CPU = Debug|Any CPU
		Release|Any CPU = Release|Any CPU
	EndGlobalSection
	GlobalSection(ProjectConfigurationPlatforms) = postSolution
		{5CC1F605-17A7-4B84-A705-4A8D3FB8F181}.Debug|Any CPU.ActiveCfg = Debug|Any CPU
		{5CC1F605-17A7-4B84-A705-4A8D3FB8F181}.Debug|Any CPU.Build.0 = Debug|Any CPU
		{5CC1F605-17A7-4B84-A705-4A8D3FB8F181}.Release|Any CPU.ActiveCfg = Release|Any CPU
		{5CC1F605-17A7-4B84-A705-4A8D3FB8F181}.Release|Any CPU.Build.0 = Release|Any CPU
		{00594DC0-2EB4-4F58-B372-35F7452CDBC4}.Debug|Any CPU.ActiveCfg = Debug|Any CPU
		{00594DC0-2EB4-4F58-B372-35F7452CDBC4}.Debug|Any CPU.Build.0 = Debug|Any CPU
		{00594DC0-2EB4-4F58-B372-35F7452CDBC4}.Debug|Any CPU.Deploy.0 = Debug|Any CPU
		{00594DC0-2EB4-4F58-B372-35F7452CDBC4}.Release|Any CPU.ActiveCfg = Release|Any CPU
		{00594DC0-2EB4-4F58-B372-35F7452CDBC4}.Release|Any CPU.Build.0 = Release|Any CPU
		{00594DC0-2EB4-4F58-B372-35F7452CDBC4}.Release|Any CPU.Deploy.0 = Release|Any CPU
	EndGlobalSection
	GlobalSection(SolutionProperties) = preSolution
		HideSolutionNode = FALSE
	EndGlobalSection
	GlobalSection(ExtensibilityGlobals) = postSolution
		SolutionGuid = {476FA5AC-A49A-4C2A-A081-DEFB94E0C7FF}
	EndGlobalSection
EndGlobal
